
Microsoft Visual Studio Solution File, Format Version 12.00
# Visual Studio Version 17
VisualStudioVersion = 17.0.32126.317
MinimumVisualStudioVersion = 10.0.40219.1
Project("{FAE04EC0-301F-11D3-BF4B-00C04F79EFBC}") = "NoteTakingApp", "NoteTakingApp\NoteTakingApp.csproj", "{5A912B2C-CC96-4139-963D-24BDCF76320F}"
EndProject
Global
	GlobalSection(SolutionConfigurationPlatforms) = preSolution
		Debug|Any CPU = Debug|Any CPU
		Release|Any CPU = Release|Any CPU
	EndGlobalSection
	GlobalSection(ProjectConfigurationPlatforms) = postSolution
		{5A912B2C-CC96-4139-963D-24BDCF76320F}.Debug|Any CPU.ActiveCfg = Debug|Any CPU
		{5A912B2C-CC96-4139-963D-24BDCF76320F}.Debug|Any CPU.Build.0 = Debug|Any CPU
		{5A912B2C-CC96-4139-963D-24BDCF76320F}.Release|Any CPU.ActiveCfg = Release|Any CPU
		{5A912B2C-CC96-4139-963D-24BDCF76320F}.Release|Any CPU.Build.0 = Release|Any CPU
	EndGlobalSection
	GlobalSection(SolutionProperties) = preSolution
		HideSolutionNode = FALSE
	EndGlobalSection
	GlobalSection(ExtensibilityGlobals) = postSolution
		SolutionGuid = {9FA6229D-4170-465A-A55B-9554478FCF69}
	EndGlobalSection
EndGlobal
